
Microsoft Visual Studio Solution File, Format Version 12.00
# Visual Studio Version 17
VisualStudioVersion = 17.5.002.0
MinimumVisualStudioVersion = 10.0.40219.1
Project("{9A19103F-16F7-4668-BE54-9A1E7A4F7556}") = "DOTNET-RPG", "DOTNET-RPG.csproj", "{C066A9D8-BF21-46BD-B88E-2B6AD3782E8C}"
EndProject
Global
	GlobalSection(SolutionConfigurationPlatforms) = preSolution
		Debug|Any CPU = Debug|Any CPU
		Release|Any CPU = Release|Any CPU
	EndGlobalSection
	GlobalSection(ProjectConfigurationPlatforms) = postSolution
		{C066A9D8-BF21-46BD-B88E-2B6AD3782E8C}.Debug|Any CPU.ActiveCfg = Debug|Any CPU
		{C066A9D8-BF21-46BD-B88E-2B6AD3782E8C}.Debug|Any CPU.Build.0 = Debug|Any CPU
		{C066A9D8-BF21-46BD-B88E-2B6AD3782E8C}.Release|Any CPU.ActiveCfg = Release|Any CPU
		{C066A9D8-BF21-46BD-B88E-2B6AD3782E8C}.Release|Any CPU.Build.0 = Release|Any CPU
	EndGlobalSection
	GlobalSection(SolutionProperties) = preSolution
		HideSolutionNode = FALSE
	EndGlobalSection
	GlobalSection(ExtensibilityGlobals) = postSolution
		SolutionGuid = {724F568A-31B5-4976-B888-1D520D7B6C80}
	EndGlobalSection
EndGlobal
